# This file is automatically @generated by Wally.
# It is not intended for manual editing.
registry = "test"

[[package]]
name = "evaera/promise"
version = "4.0.0"
dependencies = []

[[package]]
name = "howmanysmall/janitor"
version = "1.15.6"
dependencies = [["Promise", "evaera/promise@4.0.0"]]

[[package]]
name = "jakebball/profileservice"
version = "1.5.0"
dependencies = []

[[package]]
name = "r-unic/array"
version = "0.2.9"
dependencies = []

[[package]]
name = "r-unic/array"
version = "0.3.0"
dependencies = []

[[package]]
name = "r-unic/componentize"
version = "0.5.0"
dependencies = [["Array", "r-unic/array@0.2.9"], ["Janitor", "howmanysmall/janitor@1.15.6"]]

[[package]]
name = "sam-rbx/punch-monsters"
version = "0.2.0"
dependencies = [["Array", "r-unic/array@0.3.0"], ["Component", "r-unic/componentize@0.5.0"], ["Input", "sleitnick/input@2.1.1"], ["Janitor", "howmanysmall/janitor@1.15.6"], ["Knit", "sleitnick/knit@1.5.1"], ["ProfileService", "jakebball/profileservice@1.5.0"], ["Promise", "evaera/promise@4.0.0"], ["Signal", "sleitnick/signal@1.5.0"]]

[[package]]
name = "sleitnick/comm"
version = "0.3.1"
dependencies = [["Option", "sleitnick/option@1.0.4"], ["Promise", "evaera/promise@4.0.0"], ["Signal", "sleitnick/signal@1.5.0"]]

[[package]]
name = "sleitnick/input"
version = "2.1.1"
dependencies = [["Signal", "sleitnick/signal@1.5.0"], ["Trove", "sleitnick/trove@0.4.2"]]

[[package]]
name = "sleitnick/knit"
version = "1.5.1"
dependencies = [["Comm", "sleitnick/comm@0.3.1"], ["Promise", "evaera/promise@4.0.0"]]

[[package]]
name = "sleitnick/option"
version = "1.0.4"
dependencies = []

[[package]]
name = "sleitnick/signal"
version = "1.5.0"
dependencies = []

[[package]]
name = "sleitnick/trove"
version = "0.4.2"
dependencies = []
